
Microsoft Visual Studio Solution File, Format Version 12.00
# Visual Studio Version 17
VisualStudioVersion = 17.11.35327.3
MinimumVisualStudioVersion = 10.0.40219.1
Project("{FAE04EC0-301F-11D3-BF4B-00C04F79EFBC}") = "SiteMapExample", "SiteMapExample\SiteMapExample.csproj", "{13B378B6-A93E-4C7D-8C79-59E76339345E}"
EndProject
Global
	GlobalSection(SolutionConfigurationPlatforms) = preSolution
		Debug|Any CPU = Debug|Any CPU
		Release|Any CPU = Release|Any CPU
	EndGlobalSection
	GlobalSection(ProjectConfigurationPlatforms) = postSolution
		{13B378B6-A93E-4C7D-8C79-59E76339345E}.Debug|Any CPU.ActiveCfg = Debug|Any CPU
		{13B378B6-A93E-4C7D-8C79-59E76339345E}.Debug|Any CPU.Build.0 = Debug|Any CPU
		{13B378B6-A93E-4C7D-8C79-59E76339345E}.Release|Any CPU.ActiveCfg = Release|Any CPU
		{13B378B6-A93E-4C7D-8C79-59E76339345E}.Release|Any CPU.Build.0 = Release|Any CPU
	EndGlobalSection
	GlobalSection(SolutionProperties) = preSolution
		HideSolutionNode = FALSE
	EndGlobalSection
	GlobalSection(ExtensibilityGlobals) = postSolution
		SolutionGuid = {597CF759-5F12-403A-B17C-32E7A39A0971}
	EndGlobalSection
EndGlobal
